
Microsoft Visual Studio Solution File, Format Version 12.00
# Visual Studio Version 17
VisualStudioVersion = 17.3.32825.248
MinimumVisualStudioVersion = 10.0.40219.1
Project("{FAE04EC0-301F-11D3-BF4B-00C04F79EFBC}") = "ConsoleSection", "ConsoleSection\ConsoleSection.csproj", "{45A7C27D-F308-45D7-964D-DA6C613FF957}"
EndProject
Project("{FAE04EC0-301F-11D3-BF4B-00C04F79EFBC}") = "TestClassGeneratorLibrary", "TestClassGeneratorLibrary\TestClassGeneratorLibrary.csproj", "{2D22E5B7-DDAA-411A-BDAA-82AEB9C3F2D7}"
EndProject
Project("{FAE04EC0-301F-11D3-BF4B-00C04F79EFBC}") = "TestClassGeneratorLibrary.Tests", "TestClassGeneratorLibrary.Tests\TestClassGeneratorLibrary.Tests.csproj", "{BA623A1F-4BDB-491F-8462-88952861E880}"
EndProject
Global
	GlobalSection(SolutionConfigurationPlatforms) = preSolution
		Debug|Any CPU = Debug|Any CPU
		Release|Any CPU = Release|Any CPU
	EndGlobalSection
	GlobalSection(ProjectConfigurationPlatforms) = postSolution
		{45A7C27D-F308-45D7-964D-DA6C613FF957}.Debug|Any CPU.ActiveCfg = Debug|Any CPU
		{45A7C27D-F308-45D7-964D-DA6C613FF957}.Debug|Any CPU.Build.0 = Debug|Any CPU
		{45A7C27D-F308-45D7-964D-DA6C613FF957}.Release|Any CPU.ActiveCfg = Release|Any CPU
		{45A7C27D-F308-45D7-964D-DA6C613FF957}.Release|Any CPU.Build.0 = Release|Any CPU
		{2D22E5B7-DDAA-411A-BDAA-82AEB9C3F2D7}.Debug|Any CPU.ActiveCfg = Debug|Any CPU
		{2D22E5B7-DDAA-411A-BDAA-82AEB9C3F2D7}.Debug|Any CPU.Build.0 = Debug|Any CPU
		{2D22E5B7-DDAA-411A-BDAA-82AEB9C3F2D7}.Release|Any CPU.ActiveCfg = Release|Any CPU
		{2D22E5B7-DDAA-411A-BDAA-82AEB9C3F2D7}.Release|Any CPU.Build.0 = Release|Any CPU
		{BA623A1F-4BDB-491F-8462-88952861E880}.Debug|Any CPU.ActiveCfg = Debug|Any CPU
		{BA623A1F-4BDB-491F-8462-88952861E880}.Debug|Any CPU.Build.0 = Debug|Any CPU
		{BA623A1F-4BDB-491F-8462-88952861E880}.Release|Any CPU.ActiveCfg = Release|Any CPU
		{BA623A1F-4BDB-491F-8462-88952861E880}.Release|Any CPU.Build.0 = Release|Any CPU
	EndGlobalSection
	GlobalSection(SolutionProperties) = preSolution
		HideSolutionNode = FALSE
	EndGlobalSection
	GlobalSection(ExtensibilityGlobals) = postSolution
		SolutionGuid = {BE167683-D989-4855-A21F-BA07C60D8235}
	EndGlobalSection
EndGlobal
